// !$*UTF8*$!
{
	archiveVersion = 1;
	classes = {
	};
	objectVersion = 55;
	objects = {

/* Begin PBXBuildFile section */
		5A3C710A29C220BC00A8EF96 /* SettingsView.swift in Sources */ = {isa = PBXBuildFile; fileRef = 5A3C710929C220BC00A8EF96 /* SettingsView.swift */; };
		5A3C710C29C3F1BA00A8EF96 /* SettingsViewModel.swift in Sources */ = {isa = PBXBuildFile; fileRef = 5A3C710B29C3F1BA00A8EF96 /* SettingsViewModel.swift */; };
		5A3C710E29C3F2CD00A8EF96 /* Constants.swift in Sources */ = {isa = PBXBuildFile; fileRef = 5A3C710D29C3F2CD00A8EF96 /* Constants.swift */; };
		5A4D33962A02ACDD000D9ADA /* ProfileService.swift in Sources */ = {isa = PBXBuildFile; fileRef = 5A4D33952A02ACDD000D9ADA /* ProfileService.swift */; };
		5A4D33982A0A76B3000D9ADA /* UsersListView.swift in Sources */ = {isa = PBXBuildFile; fileRef = 5A4D33972A0A76B3000D9ADA /* UsersListView.swift */; };
		5A4D339A2A0BE3E4000D9ADA /* TabsView.swift in Sources */ = {isa = PBXBuildFile; fileRef = 5A4D33992A0BE3E4000D9ADA /* TabsView.swift */; };
		5A4D339D2A127DD8000D9ADA /* Match.swift in Sources */ = {isa = PBXBuildFile; fileRef = 5A4D339C2A127DD8000D9ADA /* Match.swift */; };
		5A4D33B12A12FE0B000D9ADA /* ProfileController.swift in Sources */ = {isa = PBXBuildFile; fileRef = 5A4D33B02A12FE0B000D9ADA /* ProfileController.swift */; };
		5A4D33BE2A13B56F000D9ADA /* FirestoreContext.swift in Sources */ = {isa = PBXBuildFile; fileRef = 5A4D33BD2A13B56F000D9ADA /* FirestoreContext.swift */; };
		5A4D33C02A13BAD7000D9ADA /* MatchesView.swift in Sources */ = {isa = PBXBuildFile; fileRef = 5A4D33BF2A13BAD7000D9ADA /* MatchesView.swift */; };
		5A4D33C42A13C70E000D9ADA /* ViewExtensions.swift in Sources */ = {isa = PBXBuildFile; fileRef = 5A4D33C32A13C70E000D9ADA /* ViewExtensions.swift */; };
		5A50A772287368D1001AF7E7 /* swiftui_chat_cwcApp.swift in Sources */ = {isa = PBXBuildFile; fileRef = 5A50A771287368D1001AF7E7 /* swiftui_chat_cwcApp.swift */; };
		5A50A774287368D1001AF7E7 /* RootView.swift in Sources */ = {isa = PBXBuildFile; fileRef = 5A50A773287368D1001AF7E7 /* RootView.swift */; };
		5A50A776287368D3001AF7E7 /* Assets.xcassets in Resources */ = {isa = PBXBuildFile; fileRef = 5A50A775287368D3001AF7E7 /* Assets.xcassets */; };
		5A50A779287368D3001AF7E7 /* Preview Assets.xcassets in Resources */ = {isa = PBXBuildFile; fileRef = 5A50A778287368D3001AF7E7 /* Preview Assets.xcassets */; };
		5A55FA07287B532B00D16C06 /* CustomTabBar.swift in Sources */ = {isa = PBXBuildFile; fileRef = 5A55FA06287B532B00D16C06 /* CustomTabBar.swift */; };
		5A773ED129B243E200DC098A /* GroupProfilePicView.swift in Sources */ = {isa = PBXBuildFile; fileRef = 5A773ED029B243E200DC098A /* GroupProfilePicView.swift */; };
		5AB20486298849B10073143D /* ConversationView.swift in Sources */ = {isa = PBXBuildFile; fileRef = 5AB20485298849B10073143D /* ConversationView.swift */; };
		5AB204892989C0620073143D /* ProfilePicView.swift in Sources */ = {isa = PBXBuildFile; fileRef = 5AB204882989C0620073143D /* ProfilePicView.swift */; };
		5AB2048B298C80BC0073143D /* RoundedCornerExtension.swift in Sources */ = {isa = PBXBuildFile; fileRef = 5AB2048A298C80BC0073143D /* RoundedCornerExtension.swift */; };
		5AB2048D298F6A360073143D /* Chat.swift in Sources */ = {isa = PBXBuildFile; fileRef = 5AB2048C298F6A360073143D /* Chat.swift */; };
		5AB2048F2992DC9F0073143D /* ChatViewModel.swift in Sources */ = {isa = PBXBuildFile; fileRef = 5AB2048E2992DC9F0073143D /* ChatViewModel.swift */; };
		5AC87D0F29AA96BA00D18C36 /* ChatsListRow.swift in Sources */ = {isa = PBXBuildFile; fileRef = 5AC87D0E29AA96BA00D18C36 /* ChatsListRow.swift */; };
		5AC87D1129AE5EEB00D18C36 /* CacheService.swift in Sources */ = {isa = PBXBuildFile; fileRef = 5AC87D1029AE5EEB00D18C36 /* CacheService.swift */; };
		5AC87D1329AF0F2A00D18C36 /* ConversationTextMessage.swift in Sources */ = {isa = PBXBuildFile; fileRef = 5AC87D1229AF0F2A00D18C36 /* ConversationTextMessage.swift */; };
		5AC87D1529AF11B800D18C36 /* ConversationPhotoMessage.swift in Sources */ = {isa = PBXBuildFile; fileRef = 5AC87D1429AF11B800D18C36 /* ConversationPhotoMessage.swift */; };
		5AC87D1729AFAA3C00D18C36 /* ContactsPicker.swift in Sources */ = {isa = PBXBuildFile; fileRef = 5AC87D1629AFAA3C00D18C36 /* ContactsPicker.swift */; };
		5ACCA27A287F7817009C121D /* TabBarButton.swift in Sources */ = {isa = PBXBuildFile; fileRef = 5ACCA279287F7817009C121D /* TabBarButton.swift */; };
		5ACCA2892881F852009C121D /* AppDelegate.swift in Sources */ = {isa = PBXBuildFile; fileRef = 5ACCA2882881F852009C121D /* AppDelegate.swift */; };
		5ACCA28C28870C6A009C121D /* AuthViewModel.swift in Sources */ = {isa = PBXBuildFile; fileRef = 5ACCA28B28870C6A009C121D /* AuthViewModel.swift */; };
		5ACCA28F28887953009C121D /* OnboardingContainerView.swift in Sources */ = {isa = PBXBuildFile; fileRef = 5ACCA28E28887953009C121D /* OnboardingContainerView.swift */; };
		5ACCA2932889BAF6009C121D /* PhoneNumberView.swift in Sources */ = {isa = PBXBuildFile; fileRef = 5ACCA2922889BAF5009C121D /* PhoneNumberView.swift */; };
		5ACCA2952889BB04009C121D /* VerificationView.swift in Sources */ = {isa = PBXBuildFile; fileRef = 5ACCA2942889BB04009C121D /* VerificationView.swift */; };
		5ACCA2972889BB14009C121D /* CreateProfileView.swift in Sources */ = {isa = PBXBuildFile; fileRef = 5ACCA2962889BB14009C121D /* CreateProfileView.swift */; };
		5ACCA2992889BB26009C121D /* SyncContactsView.swift in Sources */ = {isa = PBXBuildFile; fileRef = 5ACCA2982889BB26009C121D /* SyncContactsView.swift */; };
		5ACCA29B2889C2BD009C121D /* WelcomeView.swift in Sources */ = {isa = PBXBuildFile; fileRef = 5ACCA29A2889C2BD009C121D /* WelcomeView.swift */; };
		5ACCA29D288C6CC6009C121D /* OnboardingButtonStyle .swift in Sources */ = {isa = PBXBuildFile; fileRef = 5ACCA29C288C6CC6009C121D /* OnboardingButtonStyle .swift */; };
		5ACCA2A1288E5593009C121D /* CreateProfileTextfieldStyle .swift in Sources */ = {isa = PBXBuildFile; fileRef = 5ACCA2A0288E5593009C121D /* CreateProfileTextfieldStyle .swift */; };
		5ACCA2A328904A3B009C121D /* ContactsViewModel .swift in Sources */ = {isa = PBXBuildFile; fileRef = 5ACCA2A228904A3B009C121D /* ContactsViewModel .swift */; };
		5ACCA2A528986342009C121D /* User.swift in Sources */ = {isa = PBXBuildFile; fileRef = 5ACCA2A428986342009C121D /* User.swift */; };
		5ACCA2A728A01EDD009C121D /* DatabaseService.swift in Sources */ = {isa = PBXBuildFile; fileRef = 5ACCA2A628A01EDD009C121D /* DatabaseService.swift */; };
		5ACCA2A9291C4A0F009C121D /* TextHelper.swift in Sources */ = {isa = PBXBuildFile; fileRef = 5ACCA2A8291C4A0F009C121D /* TextHelper.swift */; };
		5ACCA2AB29425A4A009C121D /* ImagePicker.swift in Sources */ = {isa = PBXBuildFile; fileRef = 5ACCA2AA29425A4A009C121D /* ImagePicker.swift */; };
		5ACCA2AF297C8CDD009C121D /* ContactsListView.swift in Sources */ = {isa = PBXBuildFile; fileRef = 5ACCA2AE297C8CDD009C121D /* ContactsListView.swift */; };
		5ACCA2B1297C8DC0009C121D /* ChatsListView.swift in Sources */ = {isa = PBXBuildFile; fileRef = 5ACCA2B0297C8DC0009C121D /* ChatsListView.swift */; };
		5ACCA2B3297F043E009C121D /* ContactRow.swift in Sources */ = {isa = PBXBuildFile; fileRef = 5ACCA2B2297F043E009C121D /* ContactRow.swift */; };
		5ADEE81F2875DB2900457A5B /* LexendDeca-Bold.ttf in Resources */ = {isa = PBXBuildFile; fileRef = 5ADEE81C2875DB2900457A5B /* LexendDeca-Bold.ttf */; };
		5ADEE8202875DB2900457A5B /* LexendDeca-Regular.ttf in Resources */ = {isa = PBXBuildFile; fileRef = 5ADEE81D2875DB2900457A5B /* LexendDeca-Regular.ttf */; };
		5ADEE8212875DB2900457A5B /* LexendDeca-SemiBold.ttf in Resources */ = {isa = PBXBuildFile; fileRef = 5ADEE81E2875DB2900457A5B /* LexendDeca-SemiBold.ttf */; };
		5ADEE82428761D7A00457A5B /* Fonts .swift in Sources */ = {isa = PBXBuildFile; fileRef = 5ADEE82328761D7A00457A5B /* Fonts .swift */; };
		5AE6B88229F96837005A443C /* NewView.swift in Sources */ = {isa = PBXBuildFile; fileRef = 5AE6B88129F96837005A443C /* NewView.swift */; };
		5AE7ACBE2A150D0300996824 /* FirebaseAuth in Frameworks */ = {isa = PBXBuildFile; productRef = 5AE7ACBD2A150D0300996824 /* FirebaseAuth */; };
		5AE7ACC02A150D0300996824 /* FirebaseFirestore in Frameworks */ = {isa = PBXBuildFile; productRef = 5AE7ACBF2A150D0300996824 /* FirebaseFirestore */; };
		5AE7ACC22A150D0300996824 /* FirebaseFirestoreSwift in Frameworks */ = {isa = PBXBuildFile; productRef = 5AE7ACC12A150D0300996824 /* FirebaseFirestoreSwift */; };
		5AE7ACC42A150D0300996824 /* FirebaseStorage in Frameworks */ = {isa = PBXBuildFile; productRef = 5AE7ACC32A150D0300996824 /* FirebaseStorage */; };
		5AEE22BD29A59116007C4704 /* DateHelper.swift in Sources */ = {isa = PBXBuildFile; fileRef = 5AEE22BC29A59116007C4704 /* DateHelper.swift */; };
		DBC70DF229CD1F5F00C4C8FF /* GoogleService-Info.plist in Resources */ = {isa = PBXBuildFile; fileRef = DBC70DF129CD1F5F00C4C8FF /* GoogleService-Info.plist */; };
/* End PBXBuildFile section */

/* Begin PBXFileReference section */
		5A3C710929C220BC00A8EF96 /* SettingsView.swift */ = {isa = PBXFileReference; lastKnownFileType = sourcecode.swift; path = SettingsView.swift; sourceTree = "<group>"; };
		5A3C710B29C3F1BA00A8EF96 /* SettingsViewModel.swift */ = {isa = PBXFileReference; lastKnownFileType = sourcecode.swift; path = SettingsViewModel.swift; sourceTree = "<group>"; };
		5A3C710D29C3F2CD00A8EF96 /* Constants.swift */ = {isa = PBXFileReference; lastKnownFileType = sourcecode.swift; path = Constants.swift; sourceTree = "<group>"; };
		5A4D33952A02ACDD000D9ADA /* ProfileService.swift */ = {isa = PBXFileReference; lastKnownFileType = sourcecode.swift; path = ProfileService.swift; sourceTree = "<group>"; };
		5A4D33972A0A76B3000D9ADA /* UsersListView.swift */ = {isa = PBXFileReference; lastKnownFileType = sourcecode.swift; path = UsersListView.swift; sourceTree = "<group>"; };
		5A4D33992A0BE3E4000D9ADA /* TabsView.swift */ = {isa = PBXFileReference; lastKnownFileType = sourcecode.swift; path = TabsView.swift; sourceTree = "<group>"; };
		5A4D339C2A127DD8000D9ADA /* Match.swift */ = {isa = PBXFileReference; lastKnownFileType = sourcecode.swift; path = Match.swift; sourceTree = "<group>"; };
		5A4D33B02A12FE0B000D9ADA /* ProfileController.swift */ = {isa = PBXFileReference; lastKnownFileType = sourcecode.swift; path = ProfileController.swift; sourceTree = "<group>"; };
		5A4D33BD2A13B56F000D9ADA /* FirestoreContext.swift */ = {isa = PBXFileReference; lastKnownFileType = sourcecode.swift; path = FirestoreContext.swift; sourceTree = "<group>"; };
		5A4D33BF2A13BAD7000D9ADA /* MatchesView.swift */ = {isa = PBXFileReference; lastKnownFileType = sourcecode.swift; path = MatchesView.swift; sourceTree = "<group>"; };
		5A4D33C32A13C70E000D9ADA /* ViewExtensions.swift */ = {isa = PBXFileReference; lastKnownFileType = sourcecode.swift; path = ViewExtensions.swift; sourceTree = "<group>"; };
		5A50A76E287368D0001AF7E7 /* swiftui-chat cwc.app */ = {isa = PBXFileReference; explicitFileType = wrapper.application; includeInIndex = 0; path = "swiftui-chat cwc.app"; sourceTree = BUILT_PRODUCTS_DIR; };
		5A50A771287368D1001AF7E7 /* swiftui_chat_cwcApp.swift */ = {isa = PBXFileReference; lastKnownFileType = sourcecode.swift; path = swiftui_chat_cwcApp.swift; sourceTree = "<group>"; };
		5A50A773287368D1001AF7E7 /* RootView.swift */ = {isa = PBXFileReference; lastKnownFileType = sourcecode.swift; path = RootView.swift; sourceTree = "<group>"; };
		5A50A775287368D3001AF7E7 /* Assets.xcassets */ = {isa = PBXFileReference; lastKnownFileType = folder.assetcatalog; path = Assets.xcassets; sourceTree = "<group>"; };
		5A50A778287368D3001AF7E7 /* Preview Assets.xcassets */ = {isa = PBXFileReference; lastKnownFileType = folder.assetcatalog; path = "Preview Assets.xcassets"; sourceTree = "<group>"; };
		5A55FA06287B532B00D16C06 /* CustomTabBar.swift */ = {isa = PBXFileReference; lastKnownFileType = sourcecode.swift; path = CustomTabBar.swift; sourceTree = "<group>"; };
		5A773ED029B243E200DC098A /* GroupProfilePicView.swift */ = {isa = PBXFileReference; lastKnownFileType = sourcecode.swift; path = GroupProfilePicView.swift; sourceTree = "<group>"; };
		5AB20485298849B10073143D /* ConversationView.swift */ = {isa = PBXFileReference; lastKnownFileType = sourcecode.swift; path = ConversationView.swift; sourceTree = "<group>"; };
		5AB204882989C0620073143D /* ProfilePicView.swift */ = {isa = PBXFileReference; lastKnownFileType = sourcecode.swift; path = ProfilePicView.swift; sourceTree = "<group>"; };
		5AB2048A298C80BC0073143D /* RoundedCornerExtension.swift */ = {isa = PBXFileReference; lastKnownFileType = sourcecode.swift; path = RoundedCornerExtension.swift; sourceTree = "<group>"; };
		5AB2048C298F6A360073143D /* Chat.swift */ = {isa = PBXFileReference; lastKnownFileType = sourcecode.swift; path = Chat.swift; sourceTree = "<group>"; };
		5AB2048E2992DC9F0073143D /* ChatViewModel.swift */ = {isa = PBXFileReference; lastKnownFileType = sourcecode.swift; path = ChatViewModel.swift; sourceTree = "<group>"; };
		5AC87D0E29AA96BA00D18C36 /* ChatsListRow.swift */ = {isa = PBXFileReference; lastKnownFileType = sourcecode.swift; path = ChatsListRow.swift; sourceTree = "<group>"; };
		5AC87D1029AE5EEB00D18C36 /* CacheService.swift */ = {isa = PBXFileReference; lastKnownFileType = sourcecode.swift; path = CacheService.swift; sourceTree = "<group>"; };
		5AC87D1229AF0F2A00D18C36 /* ConversationTextMessage.swift */ = {isa = PBXFileReference; lastKnownFileType = sourcecode.swift; path = ConversationTextMessage.swift; sourceTree = "<group>"; };
		5AC87D1429AF11B800D18C36 /* ConversationPhotoMessage.swift */ = {isa = PBXFileReference; lastKnownFileType = sourcecode.swift; path = ConversationPhotoMessage.swift; sourceTree = "<group>"; };
		5AC87D1629AFAA3C00D18C36 /* ContactsPicker.swift */ = {isa = PBXFileReference; lastKnownFileType = sourcecode.swift; path = ContactsPicker.swift; sourceTree = "<group>"; };
		5ACCA279287F7817009C121D /* TabBarButton.swift */ = {isa = PBXFileReference; lastKnownFileType = sourcecode.swift; path = TabBarButton.swift; sourceTree = "<group>"; };
		5ACCA2882881F852009C121D /* AppDelegate.swift */ = {isa = PBXFileReference; lastKnownFileType = sourcecode.swift; path = AppDelegate.swift; sourceTree = "<group>"; };
		5ACCA28A288637CB009C121D /* swiftui-chat cwc.entitlements */ = {isa = PBXFileReference; lastKnownFileType = text.plist.entitlements; path = "swiftui-chat cwc.entitlements"; sourceTree = "<group>"; };
		5ACCA28B28870C6A009C121D /* AuthViewModel.swift */ = {isa = PBXFileReference; lastKnownFileType = sourcecode.swift; path = AuthViewModel.swift; sourceTree = "<group>"; };
		5ACCA28E28887953009C121D /* OnboardingContainerView.swift */ = {isa = PBXFileReference; lastKnownFileType = sourcecode.swift; path = OnboardingContainerView.swift; sourceTree = "<group>"; };
		5ACCA2922889BAF5009C121D /* PhoneNumberView.swift */ = {isa = PBXFileReference; lastKnownFileType = sourcecode.swift; path = PhoneNumberView.swift; sourceTree = "<group>"; };
		5ACCA2942889BB04009C121D /* VerificationView.swift */ = {isa = PBXFileReference; lastKnownFileType = sourcecode.swift; path = VerificationView.swift; sourceTree = "<group>"; };
		5ACCA2962889BB14009C121D /* CreateProfileView.swift */ = {isa = PBXFileReference; lastKnownFileType = sourcecode.swift; path = CreateProfileView.swift; sourceTree = "<group>"; };
		5ACCA2982889BB26009C121D /* SyncContactsView.swift */ = {isa = PBXFileReference; lastKnownFileType = sourcecode.swift; path = SyncContactsView.swift; sourceTree = "<group>"; };
		5ACCA29A2889C2BD009C121D /* WelcomeView.swift */ = {isa = PBXFileReference; lastKnownFileType = sourcecode.swift; path = WelcomeView.swift; sourceTree = "<group>"; };
		5ACCA29C288C6CC6009C121D /* OnboardingButtonStyle .swift */ = {isa = PBXFileReference; lastKnownFileType = sourcecode.swift; path = "OnboardingButtonStyle .swift"; sourceTree = "<group>"; };
		5ACCA2A0288E5593009C121D /* CreateProfileTextfieldStyle .swift */ = {isa = PBXFileReference; lastKnownFileType = sourcecode.swift; path = "CreateProfileTextfieldStyle .swift"; sourceTree = "<group>"; };
		5ACCA2A228904A3B009C121D /* ContactsViewModel .swift */ = {isa = PBXFileReference; lastKnownFileType = sourcecode.swift; path = "ContactsViewModel .swift"; sourceTree = "<group>"; };
		5ACCA2A428986342009C121D /* User.swift */ = {isa = PBXFileReference; lastKnownFileType = sourcecode.swift; path = User.swift; sourceTree = "<group>"; };
		5ACCA2A628A01EDD009C121D /* DatabaseService.swift */ = {isa = PBXFileReference; lastKnownFileType = sourcecode.swift; path = DatabaseService.swift; sourceTree = "<group>"; };
		5ACCA2A8291C4A0F009C121D /* TextHelper.swift */ = {isa = PBXFileReference; lastKnownFileType = sourcecode.swift; path = TextHelper.swift; sourceTree = "<group>"; };
		5ACCA2AA29425A4A009C121D /* ImagePicker.swift */ = {isa = PBXFileReference; fileEncoding = 4; lastKnownFileType = sourcecode.swift; path = ImagePicker.swift; sourceTree = "<group>"; };
		5ACCA2AE297C8CDD009C121D /* ContactsListView.swift */ = {isa = PBXFileReference; lastKnownFileType = sourcecode.swift; path = ContactsListView.swift; sourceTree = "<group>"; };
		5ACCA2B0297C8DC0009C121D /* ChatsListView.swift */ = {isa = PBXFileReference; lastKnownFileType = sourcecode.swift; path = ChatsListView.swift; sourceTree = "<group>"; };
		5ACCA2B2297F043E009C121D /* ContactRow.swift */ = {isa = PBXFileReference; lastKnownFileType = sourcecode.swift; path = ContactRow.swift; sourceTree = "<group>"; };
		5ADEE81C2875DB2900457A5B /* LexendDeca-Bold.ttf */ = {isa = PBXFileReference; lastKnownFileType = file; path = "LexendDeca-Bold.ttf"; sourceTree = "<group>"; };
		5ADEE81D2875DB2900457A5B /* LexendDeca-Regular.ttf */ = {isa = PBXFileReference; lastKnownFileType = file; path = "LexendDeca-Regular.ttf"; sourceTree = "<group>"; };
		5ADEE81E2875DB2900457A5B /* LexendDeca-SemiBold.ttf */ = {isa = PBXFileReference; lastKnownFileType = file; path = "LexendDeca-SemiBold.ttf"; sourceTree = "<group>"; };
		5ADEE8222875E07B00457A5B /* swiftui-chat-cwc-Info.plist */ = {isa = PBXFileReference; lastKnownFileType = text.plist; path = "swiftui-chat-cwc-Info.plist"; sourceTree = SOURCE_ROOT; };
		5ADEE82328761D7A00457A5B /* Fonts .swift */ = {isa = PBXFileReference; lastKnownFileType = sourcecode.swift; path = "Fonts .swift"; sourceTree = "<group>"; };
		5AE6B88129F96837005A443C /* NewView.swift */ = {isa = PBXFileReference; lastKnownFileType = sourcecode.swift; path = NewView.swift; sourceTree = "<group>"; };
		5AEE22BC29A59116007C4704 /* DateHelper.swift */ = {isa = PBXFileReference; lastKnownFileType = sourcecode.swift; path = DateHelper.swift; sourceTree = "<group>"; };
		DBC70DF129CD1F5F00C4C8FF /* GoogleService-Info.plist */ = {isa = PBXFileReference; fileEncoding = 4; lastKnownFileType = text.plist.xml; path = "GoogleService-Info.plist"; sourceTree = "<group>"; };
/* End PBXFileReference section */

/* Begin PBXFrameworksBuildPhase section */
		5A50A76B287368D0001AF7E7 /* Frameworks */ = {
			isa = PBXFrameworksBuildPhase;
			buildActionMask = 2147483647;
			files = (
				5AE7ACBE2A150D0300996824 /* FirebaseAuth in Frameworks */,
				5AE7ACC42A150D0300996824 /* FirebaseStorage in Frameworks */,
				5AE7ACC02A150D0300996824 /* FirebaseFirestore in Frameworks */,
				5AE7ACC22A150D0300996824 /* FirebaseFirestoreSwift in Frameworks */,
			);
			runOnlyForDeploymentPostprocessing = 0;
		};
/* End PBXFrameworksBuildPhase section */

/* Begin PBXGroup section */
		5A3C710829C2200200A8EF96 /* Settings */ = {
			isa = PBXGroup;
			children = (
				5A3C710929C220BC00A8EF96 /* SettingsView.swift */,
			);
			path = Settings;
			sourceTree = "<group>";
		};
		5A4D33AF2A12FDE5000D9ADA /* Authentication */ = {
			isa = PBXGroup;
			children = (
				5A4D33B02A12FE0B000D9ADA /* ProfileController.swift */,
			);
			path = Authentication;
			sourceTree = "<group>";
		};
		5A50A765287368D0001AF7E7 = {
			isa = PBXGroup;
			children = (
				5A50A770287368D0001AF7E7 /* swiftui-chat cwc */,
				5A50A76F287368D0001AF7E7 /* Products */,
			);
			sourceTree = "<group>";
		};
		5A50A76F287368D0001AF7E7 /* Products */ = {
			isa = PBXGroup;
			children = (
				5A50A76E287368D0001AF7E7 /* swiftui-chat cwc.app */,
			);
			name = Products;
			sourceTree = "<group>";
		};
		5A50A770287368D0001AF7E7 /* swiftui-chat cwc */ = {
			isa = PBXGroup;
			children = (
				5ACCA28A288637CB009C121D /* swiftui-chat cwc.entitlements */,
				DBC70DF129CD1F5F00C4C8FF /* GoogleService-Info.plist */,
				5ADEE8222875E07B00457A5B /* swiftui-chat-cwc-Info.plist */,
				5A50A771287368D1001AF7E7 /* swiftui_chat_cwcApp.swift */,
				5ACCA2882881F852009C121D /* AppDelegate.swift */,
				5A4D33AF2A12FDE5000D9ADA /* Authentication */,
				5A50A77F287368ED001AF7E7 /* Views */,
				5A50A7802873690A001AF7E7 /* ViewModels */,
				5A50A78128736927001AF7E7 /* Models */,
				5A50A78228736932001AF7E7 /* Services */,
				5A50A78328736A99001AF7E7 /* Helpers */,
				5A50A78428736AA3001AF7E7 /* Fonts */,
				5A50A775287368D3001AF7E7 /* Assets.xcassets */,
				5A50A777287368D3001AF7E7 /* Preview Content */,
			);
			path = "swiftui-chat cwc";
			sourceTree = "<group>";
		};
		5A50A777287368D3001AF7E7 /* Preview Content */ = {
			isa = PBXGroup;
			children = (
				5A50A778287368D3001AF7E7 /* Preview Assets.xcassets */,
			);
			path = "Preview Content";
			sourceTree = "<group>";
		};
		5A50A77F287368ED001AF7E7 /* Views */ = {
			isa = PBXGroup;
			children = (
				5AE6B88029F96820005A443C /* RebeloperViews */,
				5A50A773287368D1001AF7E7 /* RootView.swift */,
				5A4D33992A0BE3E4000D9ADA /* TabsView.swift */,
				5ACCA28D2888792A009C121D /* Onboarding */,
				5ACCA2AD297C8C17009C121D /* Chats View */,
				5ACCA2AC297C8C02009C121D /* Contacts View */,
				5A55FA05287B52EF00D16C06 /* Custom Tab Bar */,
				5A3C710829C2200200A8EF96 /* Settings */,
				5AB204872989BF840073143D /* Misc */,
			);
			path = Views;
			sourceTree = "<group>";
		};
		5A50A7802873690A001AF7E7 /* ViewModels */ = {
			isa = PBXGroup;
			children = (
				5ACCA28B28870C6A009C121D /* AuthViewModel.swift */,
				5ACCA2A228904A3B009C121D /* ContactsViewModel .swift */,
				5AB2048E2992DC9F0073143D /* ChatViewModel.swift */,
				5A3C710B29C3F1BA00A8EF96 /* SettingsViewModel.swift */,
				5A4D33952A02ACDD000D9ADA /* ProfileService.swift */,
			);
			path = ViewModels;
			sourceTree = "<group>";
		};
		5A50A78128736927001AF7E7 /* Models */ = {
			isa = PBXGroup;
			children = (
				5ACCA2A428986342009C121D /* User.swift */,
				5AB2048C298F6A360073143D /* Chat.swift */,
				5A4D339C2A127DD8000D9ADA /* Match.swift */,
			);
			path = Models;
			sourceTree = "<group>";
		};
		5A50A78228736932001AF7E7 /* Services */ = {
			isa = PBXGroup;
			children = (
				5ACCA2A628A01EDD009C121D /* DatabaseService.swift */,
				5AC87D1029AE5EEB00D18C36 /* CacheService.swift */,
			);
			path = Services;
			sourceTree = "<group>";
		};
		5A50A78328736A99001AF7E7 /* Helpers */ = {
			isa = PBXGroup;
			children = (
				5ADEE82328761D7A00457A5B /* Fonts .swift */,
				5ACCA29C288C6CC6009C121D /* OnboardingButtonStyle .swift */,
				5ACCA2A0288E5593009C121D /* CreateProfileTextfieldStyle .swift */,
				5ACCA2A8291C4A0F009C121D /* TextHelper.swift */,
				5AB2048A298C80BC0073143D /* RoundedCornerExtension.swift */,
				5AEE22BC29A59116007C4704 /* DateHelper.swift */,
				5A3C710D29C3F2CD00A8EF96 /* Constants.swift */,
				5A4D33C32A13C70E000D9ADA /* ViewExtensions.swift */,
				5A4D33BD2A13B56F000D9ADA /* FirestoreContext.swift */,
			);
			path = Helpers;
			sourceTree = "<group>";
		};
		5A50A78428736AA3001AF7E7 /* Fonts */ = {
			isa = PBXGroup;
			children = (
				5ADEE81C2875DB2900457A5B /* LexendDeca-Bold.ttf */,
				5ADEE81D2875DB2900457A5B /* LexendDeca-Regular.ttf */,
				5ADEE81E2875DB2900457A5B /* LexendDeca-SemiBold.ttf */,
			);
			path = Fonts;
			sourceTree = "<group>";
		};
		5A55FA05287B52EF00D16C06 /* Custom Tab Bar */ = {
			isa = PBXGroup;
			children = (
				5A55FA06287B532B00D16C06 /* CustomTabBar.swift */,
				5ACCA279287F7817009C121D /* TabBarButton.swift */,
			);
			path = "Custom Tab Bar";
			sourceTree = "<group>";
		};
		5AB204872989BF840073143D /* Misc */ = {
			isa = PBXGroup;
			children = (
				5AB204882989C0620073143D /* ProfilePicView.swift */,
				5A773ED029B243E200DC098A /* GroupProfilePicView.swift */,
			);
			path = Misc;
			sourceTree = "<group>";
		};
		5ACCA28D2888792A009C121D /* Onboarding */ = {
			isa = PBXGroup;
			children = (
				5ACCA28E28887953009C121D /* OnboardingContainerView.swift */,
				5ACCA29A2889C2BD009C121D /* WelcomeView.swift */,
				5ACCA2922889BAF5009C121D /* PhoneNumberView.swift */,
				5ACCA2942889BB04009C121D /* VerificationView.swift */,
				5ACCA2962889BB14009C121D /* CreateProfileView.swift */,
				5ACCA2AA29425A4A009C121D /* ImagePicker.swift */,
				5ACCA2982889BB26009C121D /* SyncContactsView.swift */,
			);
			path = Onboarding;
			sourceTree = "<group>";
		};
		5ACCA2AC297C8C02009C121D /* Contacts View */ = {
			isa = PBXGroup;
			children = (
				5ACCA2AE297C8CDD009C121D /* ContactsListView.swift */,
				5ACCA2B2297F043E009C121D /* ContactRow.swift */,
			);
			path = "Contacts View";
			sourceTree = "<group>";
		};
		5ACCA2AD297C8C17009C121D /* Chats View */ = {
			isa = PBXGroup;
			children = (
				5ACCA2B0297C8DC0009C121D /* ChatsListView.swift */,
				5AB20485298849B10073143D /* ConversationView.swift */,
				5AC87D0E29AA96BA00D18C36 /* ChatsListRow.swift */,
				5AC87D1229AF0F2A00D18C36 /* ConversationTextMessage.swift */,
				5AC87D1429AF11B800D18C36 /* ConversationPhotoMessage.swift */,
				5AC87D1629AFAA3C00D18C36 /* ContactsPicker.swift */,
				5A4D33972A0A76B3000D9ADA /* UsersListView.swift */,
				5A4D33BF2A13BAD7000D9ADA /* MatchesView.swift */,
			);
			path = "Chats View";
			sourceTree = "<group>";
		};
		5AE6B88029F96820005A443C /* RebeloperViews */ = {
			isa = PBXGroup;
			children = (
				5AE6B88129F96837005A443C /* NewView.swift */,
			);
			path = RebeloperViews;
			sourceTree = "<group>";
		};
/* End PBXGroup section */

/* Begin PBXNativeTarget section */
		5A50A76D287368D0001AF7E7 /* swiftui-chat cwc */ = {
			isa = PBXNativeTarget;
			buildConfigurationList = 5A50A77C287368D3001AF7E7 /* Build configuration list for PBXNativeTarget "swiftui-chat cwc" */;
			buildPhases = (
				5A50A76A287368D0001AF7E7 /* Sources */,
				5A50A76B287368D0001AF7E7 /* Frameworks */,
				5A50A76C287368D0001AF7E7 /* Resources */,
			);
			buildRules = (
			);
			dependencies = (
			);
			name = "swiftui-chat cwc";
			packageProductDependencies = (
				5AE7ACBD2A150D0300996824 /* FirebaseAuth */,
				5AE7ACBF2A150D0300996824 /* FirebaseFirestore */,
				5AE7ACC12A150D0300996824 /* FirebaseFirestoreSwift */,
				5AE7ACC32A150D0300996824 /* FirebaseStorage */,
			);
			productName = "swiftui-chat cwc";
			productReference = 5A50A76E287368D0001AF7E7 /* swiftui-chat cwc.app */;
			productType = "com.apple.product-type.application";
		};
/* End PBXNativeTarget section */

/* Begin PBXProject section */
		5A50A766287368D0001AF7E7 /* Project object */ = {
			isa = PBXProject;
			attributes = {
				BuildIndependentTargetsInParallel = 1;
				LastSwiftUpdateCheck = 1330;
				LastUpgradeCheck = 1330;
				TargetAttributes = {
					5A50A76D287368D0001AF7E7 = {
						CreatedOnToolsVersion = 13.3;
					};
				};
			};
			buildConfigurationList = 5A50A769287368D0001AF7E7 /* Build configuration list for PBXProject "swiftui-chat cwc" */;
			compatibilityVersion = "Xcode 13.0";
			developmentRegion = en;
			hasScannedForEncodings = 0;
			knownRegions = (
				en,
				Base,
			);
			mainGroup = 5A50A765287368D0001AF7E7;
			packageReferences = (
				5AE7ACBC2A150D0200996824 /* XCRemoteSwiftPackageReference "firebase-ios-sdk" */,
			);
			productRefGroup = 5A50A76F287368D0001AF7E7 /* Products */;
			projectDirPath = "";
			projectRoot = "";
			targets = (
				5A50A76D287368D0001AF7E7 /* swiftui-chat cwc */,
			);
		};
/* End PBXProject section */

/* Begin PBXResourcesBuildPhase section */
		5A50A76C287368D0001AF7E7 /* Resources */ = {
			isa = PBXResourcesBuildPhase;
			buildActionMask = 2147483647;
			files = (
				5A50A779287368D3001AF7E7 /* Preview Assets.xcassets in Resources */,
				5A50A776287368D3001AF7E7 /* Assets.xcassets in Resources */,
				5ADEE8212875DB2900457A5B /* LexendDeca-SemiBold.ttf in Resources */,
				5ADEE8202875DB2900457A5B /* LexendDeca-Regular.ttf in Resources */,
				5ADEE81F2875DB2900457A5B /* LexendDeca-Bold.ttf in Resources */,
				DBC70DF229CD1F5F00C4C8FF /* GoogleService-Info.plist in Resources */,
			);
			runOnlyForDeploymentPostprocessing = 0;
		};
/* End PBXResourcesBuildPhase section */

/* Begin PBXSourcesBuildPhase section */
		5A50A76A287368D0001AF7E7 /* Sources */ = {
			isa = PBXSourcesBuildPhase;
			buildActionMask = 2147483647;
			files = (
				5AC87D1729AFAA3C00D18C36 /* ContactsPicker.swift in Sources */,
				5A3C710E29C3F2CD00A8EF96 /* Constants.swift in Sources */,
				5ACCA2A728A01EDD009C121D /* DatabaseService.swift in Sources */,
				5A773ED129B243E200DC098A /* GroupProfilePicView.swift in Sources */,
				5ACCA2992889BB26009C121D /* SyncContactsView.swift in Sources */,
				5ACCA28F28887953009C121D /* OnboardingContainerView.swift in Sources */,
				5AEE22BD29A59116007C4704 /* DateHelper.swift in Sources */,
				5ACCA2892881F852009C121D /* AppDelegate.swift in Sources */,
				5ACCA2A9291C4A0F009C121D /* TextHelper.swift in Sources */,
				5A55FA07287B532B00D16C06 /* CustomTabBar.swift in Sources */,
				5A4D33C42A13C70E000D9ADA /* ViewExtensions.swift in Sources */,
				5A4D339A2A0BE3E4000D9ADA /* TabsView.swift in Sources */,
				5A50A774287368D1001AF7E7 /* RootView.swift in Sources */,
				5ACCA28C28870C6A009C121D /* AuthViewModel.swift in Sources */,
				5A4D33982A0A76B3000D9ADA /* UsersListView.swift in Sources */,
				5ACCA2B1297C8DC0009C121D /* ChatsListView.swift in Sources */,
				5ACCA2972889BB14009C121D /* CreateProfileView.swift in Sources */,
				5A3C710C29C3F1BA00A8EF96 /* SettingsViewModel.swift in Sources */,
				5ACCA2A528986342009C121D /* User.swift in Sources */,
				5A4D339D2A127DD8000D9ADA /* Match.swift in Sources */,
				5AC87D1129AE5EEB00D18C36 /* CacheService.swift in Sources */,
				5ACCA29B2889C2BD009C121D /* WelcomeView.swift in Sources */,
				5AC87D1529AF11B800D18C36 /* ConversationPhotoMessage.swift in Sources */,
				5ACCA2932889BAF6009C121D /* PhoneNumberView.swift in Sources */,
				5A50A772287368D1001AF7E7 /* swiftui_chat_cwcApp.swift in Sources */,
				5A4D33B12A12FE0B000D9ADA /* ProfileController.swift in Sources */,
				5ACCA2952889BB04009C121D /* VerificationView.swift in Sources */,
				5ACCA29D288C6CC6009C121D /* OnboardingButtonStyle .swift in Sources */,
				5A3C710A29C220BC00A8EF96 /* SettingsView.swift in Sources */,
				5A4D33962A02ACDD000D9ADA /* ProfileService.swift in Sources */,
				5A4D33C02A13BAD7000D9ADA /* MatchesView.swift in Sources */,
				5ACCA2B3297F043E009C121D /* ContactRow.swift in Sources */,
				5AC87D0F29AA96BA00D18C36 /* ChatsListRow.swift in Sources */,
				5ACCA2A1288E5593009C121D /* CreateProfileTextfieldStyle .swift in Sources */,
				5A4D33BE2A13B56F000D9ADA /* FirestoreContext.swift in Sources */,
				5ACCA2AF297C8CDD009C121D /* ContactsListView.swift in Sources */,
				5ACCA27A287F7817009C121D /* TabBarButton.swift in Sources */,
				5ACCA2AB29425A4A009C121D /* ImagePicker.swift in Sources */,
				5ACCA2A328904A3B009C121D /* ContactsViewModel .swift in Sources */,
				5AB2048F2992DC9F0073143D /* ChatViewModel.swift in Sources */,
				5AB2048D298F6A360073143D /* Chat.swift in Sources */,
				5AB2048B298C80BC0073143D /* RoundedCornerExtension.swift in Sources */,
				5ADEE82428761D7A00457A5B /* Fonts .swift in Sources */,
				5AC87D1329AF0F2A00D18C36 /* ConversationTextMessage.swift in Sources */,
				5AB204892989C0620073143D /* ProfilePicView.swift in Sources */,
				5AB20486298849B10073143D /* ConversationView.swift in Sources */,
				5AE6B88229F96837005A443C /* NewView.swift in Sources */,
			);
			runOnlyForDeploymentPostprocessing = 0;
		};
/* End PBXSourcesBuildPhase section */

/* Begin XCBuildConfiguration section */
		5A50A77A287368D3001AF7E7 /* Debug */ = {
			isa = XCBuildConfiguration;
			buildSettings = {
				ALWAYS_SEARCH_USER_PATHS = NO;
				CLANG_ANALYZER_NONNULL = YES;
				CLANG_ANALYZER_NUMBER_OBJECT_CONVERSION = YES_AGGRESSIVE;
				CLANG_CXX_LANGUAGE_STANDARD = "gnu++17";
				CLANG_ENABLE_MODULES = YES;
				CLANG_ENABLE_OBJC_ARC = YES;
				CLANG_ENABLE_OBJC_WEAK = YES;
				CLANG_WARN_BLOCK_CAPTURE_AUTORELEASING = YES;
				CLANG_WARN_BOOL_CONVERSION = YES;
				CLANG_WARN_COMMA = YES;
				CLANG_WARN_CONSTANT_CONVERSION = YES;
				CLANG_WARN_DEPRECATED_OBJC_IMPLEMENTATIONS = YES;
				CLANG_WARN_DIRECT_OBJC_ISA_USAGE = YES_ERROR;
				CLANG_WARN_DOCUMENTATION_COMMENTS = YES;
				CLANG_WARN_EMPTY_BODY = YES;
				CLANG_WARN_ENUM_CONVERSION = YES;
				CLANG_WARN_INFINITE_RECURSION = YES;
				CLANG_WARN_INT_CONVERSION = YES;
				CLANG_WARN_NON_LITERAL_NULL_CONVERSION = YES;
				CLANG_WARN_OBJC_IMPLICIT_RETAIN_SELF = YES;
				CLANG_WARN_OBJC_LITERAL_CONVERSION = YES;
				CLANG_WARN_OBJC_ROOT_CLASS = YES_ERROR;
				CLANG_WARN_QUOTED_INCLUDE_IN_FRAMEWORK_HEADER = YES;
				CLANG_WARN_RANGE_LOOP_ANALYSIS = YES;
				CLANG_WARN_STRICT_PROTOTYPES = YES;
				CLANG_WARN_SUSPICIOUS_MOVE = YES;
				CLANG_WARN_UNGUARDED_AVAILABILITY = YES_AGGRESSIVE;
				CLANG_WARN_UNREACHABLE_CODE = YES;
				CLANG_WARN__DUPLICATE_METHOD_MATCH = YES;
				COPY_PHASE_STRIP = NO;
				DEBUG_INFORMATION_FORMAT = dwarf;
				ENABLE_STRICT_OBJC_MSGSEND = YES;
				ENABLE_TESTABILITY = YES;
				GCC_C_LANGUAGE_STANDARD = gnu11;
				GCC_DYNAMIC_NO_PIC = NO;
				GCC_NO_COMMON_BLOCKS = YES;
				GCC_OPTIMIZATION_LEVEL = 0;
				GCC_PREPROCESSOR_DEFINITIONS = (
					"DEBUG=1",
					"$(inherited)",
				);
				GCC_WARN_64_TO_32_BIT_CONVERSION = YES;
				GCC_WARN_ABOUT_RETURN_TYPE = YES_ERROR;
				GCC_WARN_UNDECLARED_SELECTOR = YES;
				GCC_WARN_UNINITIALIZED_AUTOS = YES_AGGRESSIVE;
				GCC_WARN_UNUSED_FUNCTION = YES;
				GCC_WARN_UNUSED_VARIABLE = YES;
				IPHONEOS_DEPLOYMENT_TARGET = 16.4;
				MTL_ENABLE_DEBUG_INFO = INCLUDE_SOURCE;
				MTL_FAST_MATH = YES;
				ONLY_ACTIVE_ARCH = YES;
				SDKROOT = iphoneos;
				SWIFT_ACTIVE_COMPILATION_CONDITIONS = DEBUG;
				SWIFT_OPTIMIZATION_LEVEL = "-Onone";
			};
			name = Debug;
		};
		5A50A77B287368D3001AF7E7 /* Release */ = {
			isa = XCBuildConfiguration;
			buildSettings = {
				ALWAYS_SEARCH_USER_PATHS = NO;
				CLANG_ANALYZER_NONNULL = YES;
				CLANG_ANALYZER_NUMBER_OBJECT_CONVERSION = YES_AGGRESSIVE;
				CLANG_CXX_LANGUAGE_STANDARD = "gnu++17";
				CLANG_ENABLE_MODULES = YES;
				CLANG_ENABLE_OBJC_ARC = YES;
				CLANG_ENABLE_OBJC_WEAK = YES;
				CLANG_WARN_BLOCK_CAPTURE_AUTORELEASING = YES;
				CLANG_WARN_BOOL_CONVERSION = YES;
				CLANG_WARN_COMMA = YES;
				CLANG_WARN_CONSTANT_CONVERSION = YES;
				CLANG_WARN_DEPRECATED_OBJC_IMPLEMENTATIONS = YES;
				CLANG_WARN_DIRECT_OBJC_ISA_USAGE = YES_ERROR;
				CLANG_WARN_DOCUMENTATION_COMMENTS = YES;
				CLANG_WARN_EMPTY_BODY = YES;
				CLANG_WARN_ENUM_CONVERSION = YES;
				CLANG_WARN_INFINITE_RECURSION = YES;
				CLANG_WARN_INT_CONVERSION = YES;
				CLANG_WARN_NON_LITERAL_NULL_CONVERSION = YES;
				CLANG_WARN_OBJC_IMPLICIT_RETAIN_SELF = YES;
				CLANG_WARN_OBJC_LITERAL_CONVERSION = YES;
				CLANG_WARN_OBJC_ROOT_CLASS = YES_ERROR;
				CLANG_WARN_QUOTED_INCLUDE_IN_FRAMEWORK_HEADER = YES;
				CLANG_WARN_RANGE_LOOP_ANALYSIS = YES;
				CLANG_WARN_STRICT_PROTOTYPES = YES;
				CLANG_WARN_SUSPICIOUS_MOVE = YES;
				CLANG_WARN_UNGUARDED_AVAILABILITY = YES_AGGRESSIVE;
				CLANG_WARN_UNREACHABLE_CODE = YES;
				CLANG_WARN__DUPLICATE_METHOD_MATCH = YES;
				COPY_PHASE_STRIP = NO;
				DEBUG_INFORMATION_FORMAT = "dwarf-with-dsym";
				ENABLE_NS_ASSERTIONS = NO;
				ENABLE_STRICT_OBJC_MSGSEND = YES;
				GCC_C_LANGUAGE_STANDARD = gnu11;
				GCC_NO_COMMON_BLOCKS = YES;
				GCC_WARN_64_TO_32_BIT_CONVERSION = YES;
				GCC_WARN_ABOUT_RETURN_TYPE = YES_ERROR;
				GCC_WARN_UNDECLARED_SELECTOR = YES;
				GCC_WARN_UNINITIALIZED_AUTOS = YES_AGGRESSIVE;
				GCC_WARN_UNUSED_FUNCTION = YES;
				GCC_WARN_UNUSED_VARIABLE = YES;
				IPHONEOS_DEPLOYMENT_TARGET = 16.4;
				MTL_ENABLE_DEBUG_INFO = NO;
				MTL_FAST_MATH = YES;
				SDKROOT = iphoneos;
				SWIFT_COMPILATION_MODE = wholemodule;
				SWIFT_OPTIMIZATION_LEVEL = "-O";
				VALIDATE_PRODUCT = YES;
			};
			name = Release;
		};
		5A50A77D287368D3001AF7E7 /* Debug */ = {
			isa = XCBuildConfiguration;
			buildSettings = {
				ASSETCATALOG_COMPILER_APPICON_NAME = AppIcon;
				ASSETCATALOG_COMPILER_GLOBAL_ACCENT_COLOR_NAME = AccentColor;
				CODE_SIGN_ENTITLEMENTS = "swiftui-chat cwc/swiftui-chat cwc.entitlements";
				CODE_SIGN_STYLE = Automatic;
				CURRENT_PROJECT_VERSION = 1;
				DEVELOPMENT_ASSET_PATHS = "\"swiftui-chat cwc/Preview Content\"";
				DEVELOPMENT_TEAM = 3CX8NL8QFA;
				ENABLE_PREVIEWS = YES;
				GENERATE_INFOPLIST_FILE = YES;
				INFOPLIST_FILE = "swiftui-chat-cwc-Info.plist";
				INFOPLIST_KEY_LSApplicationCategoryType = "";
				INFOPLIST_KEY_NSContactsUsageDescription = "Sync your contacts to chat with them. ";
				INFOPLIST_KEY_UIApplicationSupportsIndirectInputEvents = YES;
				INFOPLIST_KEY_UILaunchScreen_Generation = YES;
				INFOPLIST_KEY_UISupportedInterfaceOrientations = UIInterfaceOrientationPortrait;
				IPHONEOS_DEPLOYMENT_TARGET = 16.4;
				LD_RUNPATH_SEARCH_PATHS = (
					"$(inherited)",
					"@executable_path/Frameworks",
				);
				MARKETING_VERSION = 1.0;
				PRODUCT_BUNDLE_IDENTIFIER = "com.sandeepdhaliwal.swiftui-chat-cwc";
				PRODUCT_NAME = "$(TARGET_NAME)";
				SWIFT_EMIT_LOC_STRINGS = YES;
				SWIFT_VERSION = 5.0;
				TARGETED_DEVICE_FAMILY = "1,2";
			};
			name = Debug;
		};
		5A50A77E287368D3001AF7E7 /* Release */ = {
			isa = XCBuildConfiguration;
			buildSettings = {
				ASSETCATALOG_COMPILER_APPICON_NAME = AppIcon;
				ASSETCATALOG_COMPILER_GLOBAL_ACCENT_COLOR_NAME = AccentColor;
				CODE_SIGN_ENTITLEMENTS = "swiftui-chat cwc/swiftui-chat cwc.entitlements";
				CODE_SIGN_STYLE = Automatic;
				CURRENT_PROJECT_VERSION = 1;
				DEVELOPMENT_ASSET_PATHS = "\"swiftui-chat cwc/Preview Content\"";
				DEVELOPMENT_TEAM = 3CX8NL8QFA;
				ENABLE_PREVIEWS = YES;
				GENERATE_INFOPLIST_FILE = YES;
				INFOPLIST_FILE = "swiftui-chat-cwc-Info.plist";
				INFOPLIST_KEY_LSApplicationCategoryType = "";
				INFOPLIST_KEY_NSContactsUsageDescription = "Sync your contacts to chat with them. ";
				INFOPLIST_KEY_UIApplicationSupportsIndirectInputEvents = YES;
				INFOPLIST_KEY_UILaunchScreen_Generation = YES;
				INFOPLIST_KEY_UISupportedInterfaceOrientations = UIInterfaceOrientationPortrait;
				IPHONEOS_DEPLOYMENT_TARGET = 16.4;
				LD_RUNPATH_SEARCH_PATHS = (
					"$(inherited)",
					"@executable_path/Frameworks",
				);
				MARKETING_VERSION = 1.0;
				PRODUCT_BUNDLE_IDENTIFIER = "com.sandeepdhaliwal.swiftui-chat-cwc";
				PRODUCT_NAME = "$(TARGET_NAME)";
				SWIFT_EMIT_LOC_STRINGS = YES;
				SWIFT_VERSION = 5.0;
				TARGETED_DEVICE_FAMILY = "1,2";
			};
			name = Release;
		};
/* End XCBuildConfiguration section */

/* Begin XCConfigurationList section */
		5A50A769287368D0001AF7E7 /* Build configuration list for PBXProject "swiftui-chat cwc" */ = {
			isa = XCConfigurationList;
			buildConfigurations = (
				5A50A77A287368D3001AF7E7 /* Debug */,
				5A50A77B287368D3001AF7E7 /* Release */,
			);
			defaultConfigurationIsVisible = 0;
			defaultConfigurationName = Release;
		};
		5A50A77C287368D3001AF7E7 /* Build configuration list for PBXNativeTarget "swiftui-chat cwc" */ = {
			isa = XCConfigurationList;
			buildConfigurations = (
				5A50A77D287368D3001AF7E7 /* Debug */,
				5A50A77E287368D3001AF7E7 /* Release */,
			);
			defaultConfigurationIsVisible = 0;
			defaultConfigurationName = Release;
		};
/* End XCConfigurationList section */

/* Begin XCRemoteSwiftPackageReference section */
		5AE7ACBC2A150D0200996824 /* XCRemoteSwiftPackageReference "firebase-ios-sdk" */ = {
			isa = XCRemoteSwiftPackageReference;
			repositoryURL = "https://github.com/firebase/firebase-ios-sdk.git";
			requirement = {
				kind = upToNextMajorVersion;
				minimumVersion = 10.0.0;
			};
		};
/* End XCRemoteSwiftPackageReference section */

/* Begin XCSwiftPackageProductDependency section */
		5AE7ACBD2A150D0300996824 /* FirebaseAuth */ = {
			isa = XCSwiftPackageProductDependency;
			package = 5AE7ACBC2A150D0200996824 /* XCRemoteSwiftPackageReference "firebase-ios-sdk" */;
			productName = FirebaseAuth;
		};
		5AE7ACBF2A150D0300996824 /* FirebaseFirestore */ = {
			isa = XCSwiftPackageProductDependency;
			package = 5AE7ACBC2A150D0200996824 /* XCRemoteSwiftPackageReference "firebase-ios-sdk" */;
			productName = FirebaseFirestore;
		};
		5AE7ACC12A150D0300996824 /* FirebaseFirestoreSwift */ = {
			isa = XCSwiftPackageProductDependency;
			package = 5AE7ACBC2A150D0200996824 /* XCRemoteSwiftPackageReference "firebase-ios-sdk" */;
			productName = FirebaseFirestoreSwift;
		};
		5AE7ACC32A150D0300996824 /* FirebaseStorage */ = {
			isa = XCSwiftPackageProductDependency;
			package = 5AE7ACBC2A150D0200996824 /* XCRemoteSwiftPackageReference "firebase-ios-sdk" */;
			productName = FirebaseStorage;
		};
/* End XCSwiftPackageProductDependency section */
	};
	rootObject = 5A50A766287368D0001AF7E7 /* Project object */;
}
